{
  "version": "5",
  "specifiers": {
    "jsr:@cfa/gitignore-parser@~0.1.4": "0.1.4",
    "jsr:@flint/framework@~0.36.6": "0.36.6",
    "jsr:@handcraft/lib@^4.4.1": "4.4.1",
    "jsr:@std/async@^1.5.0": "1.5.0",
    "jsr:@std/cli@^1.0.32": "1.0.32",
    "jsr:@std/crypto@^1.1.0": "1.1.0",
    "jsr:@std/encoding@^1.0.11": "1.0.11",
    "jsr:@std/fs@^1.0.24": "1.0.24",
    "jsr:@std/html@^1.0.7": "1.0.7",
    "jsr:@std/http@^1.1.2": "1.1.2",
    "jsr:@std/internal@^1.0.14": "1.0.14",
    "jsr:@std/media-types@^1.1.0": "1.1.0",
    "jsr:@std/path@^1.1.5": "1.1.6",
    "jsr:@std/path@^1.1.6": "1.1.6",
    "npm:html-rewriter-wasm@~0.4.1": "0.4.1",
    "npm:lightningcss@^1.32.0": "1.32.0"
  },
  "jsr": {
    "@cfa/gitignore-parser@0.1.4": {
      "integrity": "60d3563bbd7b8797f50c28585d7d74d231fbb56a1d9df7b0673c27cbdf60a23a"
    },
    "@flint/framework@0.36.6": {
      "integrity": "b0eb5b3004d7a18a4618d14ccffc9102af7e383d0da14b29406c33fb00d704d3",
      "dependencies": [
        "jsr:@cfa/gitignore-parser",
        "jsr:@std/async",
        "jsr:@std/cli",
        "jsr:@std/crypto",
        "jsr:@std/encoding",
        "jsr:@std/fs",
        "jsr:@std/http",
        "jsr:@std/media-types",
        "jsr:@std/path@^1.1.6",
        "npm:html-rewriter-wasm",
        "npm:lightningcss"
      ]
    },
    "@handcraft/lib@4.4.1": {
      "integrity": "bed99fdbc5625d4f0474abec2fffec07cab789b04fc4ce1a5f745166d099cc5f",
      "dependencies": [
        "jsr:@std/html"
      ]
    },
    "@std/async@1.5.0": {
      "integrity": "4c1f22d287a17ad7d8643b1952bc5a4d21e5d8b68dc8c20d8268eecc69096e82"
    },
    "@std/cli@1.0.32": {
      "integrity": "188b3a100d6202d64e3f5bd3d799c7fa4f6d77f92cc65eb7f641c1fa0aa92a66"
    },
    "@std/crypto@1.1.0": {
      "integrity": "b8d6d0a6377a32b213af2661ed7bf1062d94feac0c57def5526a8e74a95c3ec8"
    },
    "@std/encoding@1.0.11": {
      "integrity": "e7cef2f0b3153bccc17431e7c864a1de03a4b6d9647389c43e08aaa775d37385"
    },
    "@std/fs@1.0.24": {
      "integrity": "f3061b45b81673a2bece689da041df32d174be064c89eb6397fb5718d3fb7877",
      "dependencies": [
        "jsr:@std/internal",
        "jsr:@std/path@^1.1.5"
      ]
    },
    "@std/html@1.0.7": {
      "integrity": "175c818905a6e75743c69c251395e273d82698e58cfe7dd76268d70e28b8d8fe"
    },
    "@std/http@1.1.2": {
      "integrity": "1c0473590d5e5b75b30b2be4833c08047dd799aeea35624fd34ec58d67fc9240",
      "dependencies": [
        "jsr:@std/encoding"
      ]
    },
    "@std/internal@1.0.14": {
      "integrity": "291516b3d4c35024d6ffbc0a9df5bf4c64116e05b50012cf846710152d2ffdf7"
    },
    "@std/media-types@1.1.0": {
      "integrity": "c9d093f0c05c3512932b330e3cc1fe1d627b301db33a4c2c2185c02471d6eaa4"
    },
    "@std/path@1.1.6": {
      "integrity": "c68485c2a4dfbb5ae3cc74fae4e8c4e5d874cf8a8ed12927917235c758b46cbe",
      "dependencies": [
        "jsr:@std/internal"
      ]
    }
  },
  "npm": {
    "detect-libc@2.1.2": {
      "integrity": "sha512-Btj2BOOO83o3WyH59e8MgXsxEQVcarkUOpEYrubB0urwnN10yQ364rsiByU11nZlqWYZm05i/of7io4mzihBtQ=="
    },
    "html-rewriter-wasm@0.4.1": {
      "integrity": "sha512-lNovG8CMCCmcVB1Q7xggMSf7tqPCijZXaH4gL6iE8BFghdQCbaY5Met9i1x2Ex8m/cZHDUtXK9H6/znKamRP8Q=="
    },
    "lightningcss-android-arm64@1.32.0": {
      "integrity": "sha512-YK7/ClTt4kAK0vo6w3X+Pnm0D2cf2vPHbhOXdoNti1Ga0al1P4TBZhwjATvjNwLEBCnKvjJc2jQgHXH0NEwlAg==",
      "os": ["android"],
      "cpu": ["arm64"]
    },
    "lightningcss-darwin-arm64@1.32.0": {
      "integrity": "sha512-RzeG9Ju5bag2Bv1/lwlVJvBE3q6TtXskdZLLCyfg5pt+HLz9BqlICO7LZM7VHNTTn/5PRhHFBSjk5lc4cmscPQ==",
      "os": ["darwin"],
      "cpu": ["arm64"]
    },
    "lightningcss-darwin-x64@1.32.0": {
      "integrity": "sha512-U+QsBp2m/s2wqpUYT/6wnlagdZbtZdndSmut/NJqlCcMLTWp5muCrID+K5UJ6jqD2BFshejCYXniPDbNh73V8w==",
      "os": ["darwin"],
      "cpu": ["x64"]
    },
    "lightningcss-freebsd-x64@1.32.0": {
      "integrity": "sha512-JCTigedEksZk3tHTTthnMdVfGf61Fky8Ji2E4YjUTEQX14xiy/lTzXnu1vwiZe3bYe0q+SpsSH/CTeDXK6WHig==",
      "os": ["freebsd"],
      "cpu": ["x64"]
    },
    "lightningcss-linux-arm-gnueabihf@1.32.0": {
      "integrity": "sha512-x6rnnpRa2GL0zQOkt6rts3YDPzduLpWvwAF6EMhXFVZXD4tPrBkEFqzGowzCsIWsPjqSK+tyNEODUBXeeVHSkw==",
      "os": ["linux"],
      "cpu": ["arm"]
    },
    "lightningcss-linux-arm64-gnu@1.32.0": {
      "integrity": "sha512-0nnMyoyOLRJXfbMOilaSRcLH3Jw5z9HDNGfT/gwCPgaDjnx0i8w7vBzFLFR1f6CMLKF8gVbebmkUN3fa/kQJpQ==",
      "os": ["linux"],
      "cpu": ["arm64"]
    },
    "lightningcss-linux-arm64-musl@1.32.0": {
      "integrity": "sha512-UpQkoenr4UJEzgVIYpI80lDFvRmPVg6oqboNHfoH4CQIfNA+HOrZ7Mo7KZP02dC6LjghPQJeBsvXhJod/wnIBg==",
      "os": ["linux"],
      "cpu": ["arm64"]
    },
    "lightningcss-linux-x64-gnu@1.32.0": {
      "integrity": "sha512-V7Qr52IhZmdKPVr+Vtw8o+WLsQJYCTd8loIfpDaMRWGUZfBOYEJeyJIkqGIDMZPwPx24pUMfwSxxI8phr/MbOA==",
      "os": ["linux"],
      "cpu": ["x64"]
    },
    "lightningcss-linux-x64-musl@1.32.0": {
      "integrity": "sha512-bYcLp+Vb0awsiXg/80uCRezCYHNg1/l3mt0gzHnWV9XP1W5sKa5/TCdGWaR/zBM2PeF/HbsQv/j2URNOiVuxWg==",
      "os": ["linux"],
      "cpu": ["x64"]
    },
    "lightningcss-win32-arm64-msvc@1.32.0": {
      "integrity": "sha512-8SbC8BR40pS6baCM8sbtYDSwEVQd4JlFTOlaD3gWGHfThTcABnNDBda6eTZeqbofalIJhFx0qKzgHJmcPTnGdw==",
      "os": ["win32"],
      "cpu": ["arm64"]
    },
    "lightningcss-win32-x64-msvc@1.32.0": {
      "integrity": "sha512-Amq9B/SoZYdDi1kFrojnoqPLxYhQ4Wo5XiL8EVJrVsB8ARoC1PWW6VGtT0WKCemjy8aC+louJnjS7U18x3b06Q==",
      "os": ["win32"],
      "cpu": ["x64"]
    },
    "lightningcss@1.32.0": {
      "integrity": "sha512-NXYBzinNrblfraPGyrbPoD19C1h9lfI/1mzgWYvXUTe414Gz/X1FD2XBZSZM7rRTrMA8JL3OtAaGifrIKhQ5yQ==",
      "dependencies": [
        "detect-libc"
      ],
      "optionalDependencies": [
        "lightningcss-android-arm64",
        "lightningcss-darwin-arm64",
        "lightningcss-darwin-x64",
        "lightningcss-freebsd-x64",
        "lightningcss-linux-arm-gnueabihf",
        "lightningcss-linux-arm64-gnu",
        "lightningcss-linux-arm64-musl",
        "lightningcss-linux-x64-gnu",
        "lightningcss-linux-x64-musl",
        "lightningcss-win32-arm64-msvc",
        "lightningcss-win32-x64-msvc"
      ]
    }
  },
  "workspace": {
    "dependencies": [
      "jsr:@flint/framework@~0.36.6",
      "jsr:@handcraft/lib@^4.4.1"
    ]
  }
}
